
Microsoft Visual Studio Solution File, Format Version 12.00
# Visual Studio Version 17
VisualStudioVersion = 17.12.35707.178
MinimumVisualStudioVersion = 10.0.40219.1
Project("{FAE04EC0-301F-11D3-BF4B-00C04F79EFBC}") = "Task1_2_1", "Task1_1\Task1_2_1.csproj", "{7B0194DB-86CC-4A07-8CB8-A07CE6134535}"
EndProject
Project("{FAE04EC0-301F-11D3-BF4B-00C04F79EFBC}") = "Task1_2_2", "Task1_2_2\Task1_2_2.csproj", "{541816FB-F43D-4E61-BE35-D3E4F42D35FE}"
EndProject
Project("{FAE04EC0-301F-11D3-BF4B-00C04F79EFBC}") = "Task1_2_3", "Task1_2_3\Task1_2_3.csproj", "{19FFAD16-FAB6-4810-9C5A-9987D119E84A}"
EndProject
Project("{FAE04EC0-301F-11D3-BF4B-00C04F79EFBC}") = "Task1_2_4", "Task1_2_4\Task1_2_4.csproj", "{8302B900-DBAF-4779-BC81-5B6E85C73C5E}"
EndProject
Project("{FAE04EC0-301F-11D3-BF4B-00C04F79EFBC}") = "Task1_2_5", "Task1_2_5\Task1_2_5.csproj", "{FFF7BEFB-DB4D-4C07-A712-97FF006A229C}"
EndProject
Project("{FAE04EC0-301F-11D3-BF4B-00C04F79EFBC}") = "Task1_3_1", "Task1_3_1\Task1_3_1.csproj", "{D47DDD54-EF44-4EBF-9DD1-421B991E90A4}"
EndProject
Project("{FAE04EC0-301F-11D3-BF4B-00C04F79EFBC}") = "Task1_3_2", "Task1_3_2\Task1_3_2.csproj", "{2292CD22-F481-4EDC-93E9-A1DE70700B3F}"
EndProject
Project("{FAE04EC0-301F-11D3-BF4B-00C04F79EFBC}") = "Task1_3_3", "Task1_3_3\Task1_3_3.csproj", "{B6485156-5D51-4DFD-B503-1E304238458C}"
EndProject
Project("{FAE04EC0-301F-11D3-BF4B-00C04F79EFBC}") = "Task1_3_4", "Task1_3_4\Task1_3_4.csproj", "{CB2A22CD-0ECE-4698-8BC4-DFD3466C4EEC}"
EndProject
Project("{FAE04EC0-301F-11D3-BF4B-00C04F79EFBC}") = "Task1_3_5", "Task1_3_5\Task1_3_5.csproj", "{05E0F728-8FAC-4DB7-B2CF-D627395C6695}"
EndProject
Project("{FAE04EC0-301F-11D3-BF4B-00C04F79EFBC}") = "Task1_3_6", "Task1_3_6\Task1_3_6.csproj", "{852B53CB-8FAA-4AFF-AD3F-61E0E94B4936}"
EndProject
Project("{FAE04EC0-301F-11D3-BF4B-00C04F79EFBC}") = "Task1_3_7", "Task1_3_7\Task1_3_7.csproj", "{4AF4856F-DCDD-4F07-8577-475AEFB0AB71}"
EndProject
Project("{FAE04EC0-301F-11D3-BF4B-00C04F79EFBC}") = "Task1_3_8", "Task1_3_8\Task1_3_8.csproj", "{7084F30F-A8BC-4CC5-BCD2-C5A640CF62AA}"
EndProject
Project("{FAE04EC0-301F-11D3-BF4B-00C04F79EFBC}") = "Task1_3_9", "Task1_3_9\Task1_3_9.csproj", "{30B51A94-373B-43FE-990C-B70402F2D95B}"
EndProject
Project("{FAE04EC0-301F-11D3-BF4B-00C04F79EFBC}") = "Task1_3_10", "Task1_3_10\Task1_3_10.csproj", "{02056206-24EF-4E37-B042-3882C08C1DE1}"
EndProject
Project("{FAE04EC0-301F-11D3-BF4B-00C04F79EFBC}") = "Task1_3_11", "Task1_3_11\Task1_3_11.csproj", "{CCBA370E-773B-4C4D-A8CA-055044C215FE}"
EndProject
Project("{FAE04EC0-301F-11D3-BF4B-00C04F79EFBC}") = "Task1_4_1", "Task1_4_1\Task1_4_1.csproj", "{6007032A-E0F5-48A0-B6AD-9EE9B2792C0E}"
EndProject
Project("{FAE04EC0-301F-11D3-BF4B-00C04F79EFBC}") = "Task1_4_2", "Task1_4_2\Task1_4_2.csproj", "{FE8B3ED5-1E85-4741-864E-14C9E22B2CFB}"
EndProject
Project("{FAE04EC0-301F-11D3-BF4B-00C04F79EFBC}") = "Task1_4_3", "Task1_4_3\Task1_4_3.csproj", "{FEC11781-EEBB-48AC-80C4-ADE17A09E7FE}"
EndProject
Project("{FAE04EC0-301F-11D3-BF4B-00C04F79EFBC}") = "Task1_4_4", "Task1_4_4\Task1_4_4.csproj", "{36A04FDD-C25F-4C5F-911A-A26E69C78B7F}"
EndProject
Project("{FAE04EC0-301F-11D3-BF4B-00C04F79EFBC}") = "Task1_4_5", "Task1_4_5\Task1_4_5.csproj", "{BC5674A2-A22D-4AB1-9B63-9036DFFE1C63}"
EndProject
Project("{FAE04EC0-301F-11D3-BF4B-00C04F79EFBC}") = "Task1_4_6", "Task1_4_6\Task1_4_6.csproj", "{219B874A-AC71-4AE0-9605-4CC887DC5C55}"
EndProject
Project("{FAE04EC0-301F-11D3-BF4B-00C04F79EFBC}") = "Task1_4_7", "Task1_4_7\Task1_4_7.csproj", "{7EA29AE6-1B60-4126-8FDC-E4037A9F427B}"
EndProject
Project("{FAE04EC0-301F-11D3-BF4B-00C04F79EFBC}") = "Task1.5.1", "Task1.5.1\Task1.5.1.csproj", "{D312BD47-DFBB-422D-9180-EE7BC7E69F35}"
EndProject
Project("{FAE04EC0-301F-11D3-BF4B-00C04F79EFBC}") = "Task1.5.2", "Task1.5.2\Task1.5.2.csproj", "{90401FF4-39B9-49A3-82B9-9EB2A4964A26}"
EndProject
Project("{FAE04EC0-301F-11D3-BF4B-00C04F79EFBC}") = "Task1.5.3", "Task1.5.3\Task1.5.3.csproj", "{AD462E94-9C2A-42D1-AF8D-CDB44E9849C7}"
EndProject
Project("{FAE04EC0-301F-11D3-BF4B-00C04F79EFBC}") = "Task1.5.4", "Task1.5.4\Task1.5.4.csproj", "{4284CC59-49B8-41D2-A78D-EEE385153B1C}"
EndProject
Project("{FAE04EC0-301F-11D3-BF4B-00C04F79EFBC}") = "Task1.5.5", "Task1.5.5\Task1.5.5.csproj", "{934C6A09-DCED-4D40-ABED-A2033BAD4651}"
EndProject
Project("{FAE04EC0-301F-11D3-BF4B-00C04F79EFBC}") = "Task1.5.6", "Task1.5.6\Task1.5.6.csproj", "{0C63B002-360F-4450-8DCC-1776126CE78B}"
EndProject
Project("{FAE04EC0-301F-11D3-BF4B-00C04F79EFBC}") = "Task1.5.7", "Task1.5.7\Task1.5.7.csproj", "{0B0003EE-722B-47E8-BFDB-0F44078C8879}"
EndProject
Project("{FAE04EC0-301F-11D3-BF4B-00C04F79EFBC}") = "Task1.7.1", "HW1.7.1\Task1.7.1.csproj", "{7D8974F3-AF34-42B8-B7CD-2D560D4F1C0D}"
EndProject
Project("{FAE04EC0-301F-11D3-BF4B-00C04F79EFBC}") = "Task1.7.2", "Task1.7.2\Task1.7.2.csproj", "{20174B05-4D13-4E9F-9694-FD3F4BCB1C88}"
EndProject
Project("{FAE04EC0-301F-11D3-BF4B-00C04F79EFBC}") = "Task1.7.3", "Task1.7.3\Task1.7.3.csproj", "{761C9F39-52E1-455A-8BAE-D468C961C5E0}"
EndProject
Project("{FAE04EC0-301F-11D3-BF4B-00C04F79EFBC}") = "Task1.7.4", "Task1.7.4\Task1.7.4.csproj", "{CACB8B81-D754-4A11-BCF5-8908F46329CC}"
EndProject
Project("{FAE04EC0-301F-11D3-BF4B-00C04F79EFBC}") = "Task1.7.5", "Task1.7.5\Task1.7.5.csproj", "{0B5D4EEC-5E3F-4A64-9560-14B5E3A85787}"
EndProject
Global
	GlobalSection(SolutionConfigurationPlatforms) = preSolution
		Debug|Any CPU = Debug|Any CPU
		Release|Any CPU = Release|Any CPU
	EndGlobalSection
	GlobalSection(ProjectConfigurationPlatforms) = postSolution
		{7B0194DB-86CC-4A07-8CB8-A07CE6134535}.Debug|Any CPU.ActiveCfg = Debug|Any CPU
		{7B0194DB-86CC-4A07-8CB8-A07CE6134535}.Debug|Any CPU.Build.0 = Debug|Any CPU
		{7B0194DB-86CC-4A07-8CB8-A07CE6134535}.Release|Any CPU.ActiveCfg = Release|Any CPU
		{7B0194DB-86CC-4A07-8CB8-A07CE6134535}.Release|Any CPU.Build.0 = Release|Any CPU
		{541816FB-F43D-4E61-BE35-D3E4F42D35FE}.Debug|Any CPU.ActiveCfg = Debug|Any CPU
		{541816FB-F43D-4E61-BE35-D3E4F42D35FE}.Debug|Any CPU.Build.0 = Debug|Any CPU
		{541816FB-F43D-4E61-BE35-D3E4F42D35FE}.Release|Any CPU.ActiveCfg = Release|Any CPU
		{541816FB-F43D-4E61-BE35-D3E4F42D35FE}.Release|Any CPU.Build.0 = Release|Any CPU
		{19FFAD16-FAB6-4810-9C5A-9987D119E84A}.Debug|Any CPU.ActiveCfg = Debug|Any CPU
		{19FFAD16-FAB6-4810-9C5A-9987D119E84A}.Debug|Any CPU.Build.0 = Debug|Any CPU
		{19FFAD16-FAB6-4810-9C5A-9987D119E84A}.Release|Any CPU.ActiveCfg = Release|Any CPU
		{19FFAD16-FAB6-4810-9C5A-9987D119E84A}.Release|Any CPU.Build.0 = Release|Any CPU
		{8302B900-DBAF-4779-BC81-5B6E85C73C5E}.Debug|Any CPU.ActiveCfg = Debug|Any CPU
		{8302B900-DBAF-4779-BC81-5B6E85C73C5E}.Debug|Any CPU.Build.0 = Debug|Any CPU
		{8302B900-DBAF-4779-BC81-5B6E85C73C5E}.Release|Any CPU.ActiveCfg = Release|Any CPU
		{8302B900-DBAF-4779-BC81-5B6E85C73C5E}.Release|Any CPU.Build.0 = Release|Any CPU
		{FFF7BEFB-DB4D-4C07-A712-97FF006A229C}.Debug|Any CPU.ActiveCfg = Debug|Any CPU
		{FFF7BEFB-DB4D-4C07-A712-97FF006A229C}.Debug|Any CPU.Build.0 = Debug|Any CPU
		{FFF7BEFB-DB4D-4C07-A712-97FF006A229C}.Release|Any CPU.ActiveCfg = Release|Any CPU
		{FFF7BEFB-DB4D-4C07-A712-97FF006A229C}.Release|Any CPU.Build.0 = Release|Any CPU
		{D47DDD54-EF44-4EBF-9DD1-421B991E90A4}.Debug|Any CPU.ActiveCfg = Debug|Any CPU
		{D47DDD54-EF44-4EBF-9DD1-421B991E90A4}.Debug|Any CPU.Build.0 = Debug|Any CPU
		{D47DDD54-EF44-4EBF-9DD1-421B991E90A4}.Release|Any CPU.ActiveCfg = Release|Any CPU
		{D47DDD54-EF44-4EBF-9DD1-421B991E90A4}.Release|Any CPU.Build.0 = Release|Any CPU
		{2292CD22-F481-4EDC-93E9-A1DE70700B3F}.Debug|Any CPU.ActiveCfg = Debug|Any CPU
		{2292CD22-F481-4EDC-93E9-A1DE70700B3F}.Debug|Any CPU.Build.0 = Debug|Any CPU
		{2292CD22-F481-4EDC-93E9-A1DE70700B3F}.Release|Any CPU.ActiveCfg = Release|Any CPU
		{2292CD22-F481-4EDC-93E9-A1DE70700B3F}.Release|Any CPU.Build.0 = Release|Any CPU
		{B6485156-5D51-4DFD-B503-1E304238458C}.Debug|Any CPU.ActiveCfg = Debug|Any CPU
		{B6485156-5D51-4DFD-B503-1E304238458C}.Debug|Any CPU.Build.0 = Debug|Any CPU
		{B6485156-5D51-4DFD-B503-1E304238458C}.Release|Any CPU.ActiveCfg = Release|Any CPU
		{B6485156-5D51-4DFD-B503-1E304238458C}.Release|Any CPU.Build.0 = Release|Any CPU
		{CB2A22CD-0ECE-4698-8BC4-DFD3466C4EEC}.Debug|Any CPU.ActiveCfg = Debug|Any CPU
		{CB2A22CD-0ECE-4698-8BC4-DFD3466C4EEC}.Debug|Any CPU.Build.0 = Debug|Any CPU
		{CB2A22CD-0ECE-4698-8BC4-DFD3466C4EEC}.Release|Any CPU.ActiveCfg = Release|Any CPU
		{CB2A22CD-0ECE-4698-8BC4-DFD3466C4EEC}.Release|Any CPU.Build.0 = Release|Any CPU
		{05E0F728-8FAC-4DB7-B2CF-D627395C6695}.Debug|Any CPU.ActiveCfg = Debug|Any CPU
		{05E0F728-8FAC-4DB7-B2CF-D627395C6695}.Debug|Any CPU.Build.0 = Debug|Any CPU
		{05E0F728-8FAC-4DB7-B2CF-D627395C6695}.Release|Any CPU.ActiveCfg = Release|Any CPU
		{05E0F728-8FAC-4DB7-B2CF-D627395C6695}.Release|Any CPU.Build.0 = Release|Any CPU
		{852B53CB-8FAA-4AFF-AD3F-61E0E94B4936}.Debug|Any CPU.ActiveCfg = Debug|Any CPU
		{852B53CB-8FAA-4AFF-AD3F-61E0E94B4936}.Debug|Any CPU.Build.0 = Debug|Any CPU
		{852B53CB-8FAA-4AFF-AD3F-61E0E94B4936}.Release|Any CPU.ActiveCfg = Release|Any CPU
		{852B53CB-8FAA-4AFF-AD3F-61E0E94B4936}.Release|Any CPU.Build.0 = Release|Any CPU
		{4AF4856F-DCDD-4F07-8577-475AEFB0AB71}.Debug|Any CPU.ActiveCfg = Debug|Any CPU
		{4AF4856F-DCDD-4F07-8577-475AEFB0AB71}.Debug|Any CPU.Build.0 = Debug|Any CPU
		{4AF4856F-DCDD-4F07-8577-475AEFB0AB71}.Release|Any CPU.ActiveCfg = Release|Any CPU
		{4AF4856F-DCDD-4F07-8577-475AEFB0AB71}.Release|Any CPU.Build.0 = Release|Any CPU
		{7084F30F-A8BC-4CC5-BCD2-C5A640CF62AA}.Debug|Any CPU.ActiveCfg = Debug|Any CPU
		{7084F30F-A8BC-4CC5-BCD2-C5A640CF62AA}.Debug|Any CPU.Build.0 = Debug|Any CPU
		{7084F30F-A8BC-4CC5-BCD2-C5A640CF62AA}.Release|Any CPU.ActiveCfg = Release|Any CPU
		{7084F30F-A8BC-4CC5-BCD2-C5A640CF62AA}.Release|Any CPU.Build.0 = Release|Any CPU
		{30B51A94-373B-43FE-990C-B70402F2D95B}.Debug|Any CPU.ActiveCfg = Debug|Any CPU
		{30B51A94-373B-43FE-990C-B70402F2D95B}.Debug|Any CPU.Build.0 = Debug|Any CPU
		{30B51A94-373B-43FE-990C-B70402F2D95B}.Release|Any CPU.ActiveCfg = Release|Any CPU
		{30B51A94-373B-43FE-990C-B70402F2D95B}.Release|Any CPU.Build.0 = Release|Any CPU
		{02056206-24EF-4E37-B042-3882C08C1DE1}.Debug|Any CPU.ActiveCfg = Debug|Any CPU
		{02056206-24EF-4E37-B042-3882C08C1DE1}.Debug|Any CPU.Build.0 = Debug|Any CPU
		{02056206-24EF-4E37-B042-3882C08C1DE1}.Release|Any CPU.ActiveCfg = Release|Any CPU
		{02056206-24EF-4E37-B042-3882C08C1DE1}.Release|Any CPU.Build.0 = Release|Any CPU
		{CCBA370E-773B-4C4D-A8CA-055044C215FE}.Debug|Any CPU.ActiveCfg = Debug|Any CPU
		{CCBA370E-773B-4C4D-A8CA-055044C215FE}.Debug|Any CPU.Build.0 = Debug|Any CPU
		{CCBA370E-773B-4C4D-A8CA-055044C215FE}.Release|Any CPU.ActiveCfg = Release|Any CPU
		{CCBA370E-773B-4C4D-A8CA-055044C215FE}.Release|Any CPU.Build.0 = Release|Any CPU
		{6007032A-E0F5-48A0-B6AD-9EE9B2792C0E}.Debug|Any CPU.ActiveCfg = Debug|Any CPU
		{6007032A-E0F5-48A0-B6AD-9EE9B2792C0E}.Debug|Any CPU.Build.0 = Debug|Any CPU
		{6007032A-E0F5-48A0-B6AD-9EE9B2792C0E}.Release|Any CPU.ActiveCfg = Release|Any CPU
		{6007032A-E0F5-48A0-B6AD-9EE9B2792C0E}.Release|Any CPU.Build.0 = Release|Any CPU
		{FE8B3ED5-1E85-4741-864E-14C9E22B2CFB}.Debug|Any CPU.ActiveCfg = Debug|Any CPU
		{FE8B3ED5-1E85-4741-864E-14C9E22B2CFB}.Debug|Any CPU.Build.0 = Debug|Any CPU
		{FE8B3ED5-1E85-4741-864E-14C9E22B2CFB}.Release|Any CPU.ActiveCfg = Release|Any CPU
		{FE8B3ED5-1E85-4741-864E-14C9E22B2CFB}.Release|Any CPU.Build.0 = Release|Any CPU
		{FEC11781-EEBB-48AC-80C4-ADE17A09E7FE}.Debug|Any CPU.ActiveCfg = Debug|Any CPU
		{FEC11781-EEBB-48AC-80C4-ADE17A09E7FE}.Debug|Any CPU.Build.0 = Debug|Any CPU
		{FEC11781-EEBB-48AC-80C4-ADE17A09E7FE}.Release|Any CPU.ActiveCfg = Release|Any CPU
		{FEC11781-EEBB-48AC-80C4-ADE17A09E7FE}.Release|Any CPU.Build.0 = Release|Any CPU
		{36A04FDD-C25F-4C5F-911A-A26E69C78B7F}.Debug|Any CPU.ActiveCfg = Debug|Any CPU
		{36A04FDD-C25F-4C5F-911A-A26E69C78B7F}.Debug|Any CPU.Build.0 = Debug|Any CPU
		{36A04FDD-C25F-4C5F-911A-A26E69C78B7F}.Release|Any CPU.ActiveCfg = Release|Any CPU
		{36A04FDD-C25F-4C5F-911A-A26E69C78B7F}.Release|Any CPU.Build.0 = Release|Any CPU
		{BC5674A2-A22D-4AB1-9B63-9036DFFE1C63}.Debug|Any CPU.ActiveCfg = Debug|Any CPU
		{BC5674A2-A22D-4AB1-9B63-9036DFFE1C63}.Debug|Any CPU.Build.0 = Debug|Any CPU
		{BC5674A2-A22D-4AB1-9B63-9036DFFE1C63}.Release|Any CPU.ActiveCfg = Release|Any CPU
		{BC5674A2-A22D-4AB1-9B63-9036DFFE1C63}.Release|Any CPU.Build.0 = Release|Any CPU
		{219B874A-AC71-4AE0-9605-4CC887DC5C55}.Debug|Any CPU.ActiveCfg = Debug|Any CPU
		{219B874A-AC71-4AE0-9605-4CC887DC5C55}.Debug|Any CPU.Build.0 = Debug|Any CPU
		{219B874A-AC71-4AE0-9605-4CC887DC5C55}.Release|Any CPU.ActiveCfg = Release|Any CPU
		{219B874A-AC71-4AE0-9605-4CC887DC5C55}.Release|Any CPU.Build.0 = Release|Any CPU
		{7EA29AE6-1B60-4126-8FDC-E4037A9F427B}.Debug|Any CPU.ActiveCfg = Debug|Any CPU
		{7EA29AE6-1B60-4126-8FDC-E4037A9F427B}.Debug|Any CPU.Build.0 = Debug|Any CPU
		{7EA29AE6-1B60-4126-8FDC-E4037A9F427B}.Release|Any CPU.ActiveCfg = Release|Any CPU
		{7EA29AE6-1B60-4126-8FDC-E4037A9F427B}.Release|Any CPU.Build.0 = Release|Any CPU
		{D312BD47-DFBB-422D-9180-EE7BC7E69F35}.Debug|Any CPU.ActiveCfg = Debug|Any CPU
		{D312BD47-DFBB-422D-9180-EE7BC7E69F35}.Debug|Any CPU.Build.0 = Debug|Any CPU
		{D312BD47-DFBB-422D-9180-EE7BC7E69F35}.Release|Any CPU.ActiveCfg = Release|Any CPU
		{D312BD47-DFBB-422D-9180-EE7BC7E69F35}.Release|Any CPU.Build.0 = Release|Any CPU
		{90401FF4-39B9-49A3-82B9-9EB2A4964A26}.Debug|Any CPU.ActiveCfg = Debug|Any CPU
		{90401FF4-39B9-49A3-82B9-9EB2A4964A26}.Debug|Any CPU.Build.0 = Debug|Any CPU
		{90401FF4-39B9-49A3-82B9-9EB2A4964A26}.Release|Any CPU.ActiveCfg = Release|Any CPU
		{90401FF4-39B9-49A3-82B9-9EB2A4964A26}.Release|Any CPU.Build.0 = Release|Any CPU
		{AD462E94-9C2A-42D1-AF8D-CDB44E9849C7}.Debug|Any CPU.ActiveCfg = Debug|Any CPU
		{AD462E94-9C2A-42D1-AF8D-CDB44E9849C7}.Debug|Any CPU.Build.0 = Debug|Any CPU
		{AD462E94-9C2A-42D1-AF8D-CDB44E9849C7}.Release|Any CPU.ActiveCfg = Release|Any CPU
		{AD462E94-9C2A-42D1-AF8D-CDB44E9849C7}.Release|Any CPU.Build.0 = Release|Any CPU
		{4284CC59-49B8-41D2-A78D-EEE385153B1C}.Debug|Any CPU.ActiveCfg = Debug|Any CPU
		{4284CC59-49B8-41D2-A78D-EEE385153B1C}.Debug|Any CPU.Build.0 = Debug|Any CPU
		{4284CC59-49B8-41D2-A78D-EEE385153B1C}.Release|Any CPU.ActiveCfg = Release|Any CPU
		{4284CC59-49B8-41D2-A78D-EEE385153B1C}.Release|Any CPU.Build.0 = Release|Any CPU
		{934C6A09-DCED-4D40-ABED-A2033BAD4651}.Debug|Any CPU.ActiveCfg = Debug|Any CPU
		{934C6A09-DCED-4D40-ABED-A2033BAD4651}.Debug|Any CPU.Build.0 = Debug|Any CPU
		{934C6A09-DCED-4D40-ABED-A2033BAD4651}.Release|Any CPU.ActiveCfg = Release|Any CPU
		{934C6A09-DCED-4D40-ABED-A2033BAD4651}.Release|Any CPU.Build.0 = Release|Any CPU
		{0C63B002-360F-4450-8DCC-1776126CE78B}.Debug|Any CPU.ActiveCfg = Debug|Any CPU
		{0C63B002-360F-4450-8DCC-1776126CE78B}.Debug|Any CPU.Build.0 = Debug|Any CPU
		{0C63B002-360F-4450-8DCC-1776126CE78B}.Release|Any CPU.ActiveCfg = Release|Any CPU
		{0C63B002-360F-4450-8DCC-1776126CE78B}.Release|Any CPU.Build.0 = Release|Any CPU
		{0B0003EE-722B-47E8-BFDB-0F44078C8879}.Debug|Any CPU.ActiveCfg = Debug|Any CPU
		{0B0003EE-722B-47E8-BFDB-0F44078C8879}.Debug|Any CPU.Build.0 = Debug|Any CPU
		{0B0003EE-722B-47E8-BFDB-0F44078C8879}.Release|Any CPU.ActiveCfg = Release|Any CPU
		{0B0003EE-722B-47E8-BFDB-0F44078C8879}.Release|Any CPU.Build.0 = Release|Any CPU
		{7D8974F3-AF34-42B8-B7CD-2D560D4F1C0D}.Debug|Any CPU.ActiveCfg = Debug|Any CPU
		{7D8974F3-AF34-42B8-B7CD-2D560D4F1C0D}.Debug|Any CPU.Build.0 = Debug|Any CPU
		{7D8974F3-AF34-42B8-B7CD-2D560D4F1C0D}.Release|Any CPU.ActiveCfg = Release|Any CPU
		{7D8974F3-AF34-42B8-B7CD-2D560D4F1C0D}.Release|Any CPU.Build.0 = Release|Any CPU
		{20174B05-4D13-4E9F-9694-FD3F4BCB1C88}.Debug|Any CPU.ActiveCfg = Debug|Any CPU
		{20174B05-4D13-4E9F-9694-FD3F4BCB1C88}.Debug|Any CPU.Build.0 = Debug|Any CPU
		{20174B05-4D13-4E9F-9694-FD3F4BCB1C88}.Release|Any CPU.ActiveCfg = Release|Any CPU
		{20174B05-4D13-4E9F-9694-FD3F4BCB1C88}.Release|Any CPU.Build.0 = Release|Any CPU
		{761C9F39-52E1-455A-8BAE-D468C961C5E0}.Debug|Any CPU.ActiveCfg = Debug|Any CPU
		{761C9F39-52E1-455A-8BAE-D468C961C5E0}.Debug|Any CPU.Build.0 = Debug|Any CPU
		{761C9F39-52E1-455A-8BAE-D468C961C5E0}.Release|Any CPU.ActiveCfg = Release|Any CPU
		{761C9F39-52E1-455A-8BAE-D468C961C5E0}.Release|Any CPU.Build.0 = Release|Any CPU
		{CACB8B81-D754-4A11-BCF5-8908F46329CC}.Debug|Any CPU.ActiveCfg = Debug|Any CPU
		{CACB8B81-D754-4A11-BCF5-8908F46329CC}.Debug|Any CPU.Build.0 = Debug|Any CPU
		{CACB8B81-D754-4A11-BCF5-8908F46329CC}.Release|Any CPU.ActiveCfg = Release|Any CPU
		{CACB8B81-D754-4A11-BCF5-8908F46329CC}.Release|Any CPU.Build.0 = Release|Any CPU
		{0B5D4EEC-5E3F-4A64-9560-14B5E3A85787}.Debug|Any CPU.ActiveCfg = Debug|Any CPU
		{0B5D4EEC-5E3F-4A64-9560-14B5E3A85787}.Debug|Any CPU.Build.0 = Debug|Any CPU
		{0B5D4EEC-5E3F-4A64-9560-14B5E3A85787}.Release|Any CPU.ActiveCfg = Release|Any CPU
		{0B5D4EEC-5E3F-4A64-9560-14B5E3A85787}.Release|Any CPU.Build.0 = Release|Any CPU
	EndGlobalSection
	GlobalSection(SolutionProperties) = preSolution
		HideSolutionNode = FALSE
	EndGlobalSection
EndGlobal
