
Microsoft Visual Studio Solution File, Format Version 12.00
# Visual Studio Version 17
VisualStudioVersion = 17.12.35707.178
MinimumVisualStudioVersion = 10.0.40219.1
Project("{FAE04EC0-301F-11D3-BF4B-00C04F79EFBC}") = "Task1_2_1", "Task1_1\Task1_2_1.csproj", "{7B0194DB-86CC-4A07-8CB8-A07CE6134535}"
EndProject
Project("{FAE04EC0-301F-11D3-BF4B-00C04F79EFBC}") = "Task1_2_2", "Task1_2_2\Task1_2_2.csproj", "{541816FB-F43D-4E61-BE35-D3E4F42D35FE}"
EndProject
Project("{FAE04EC0-301F-11D3-BF4B-00C04F79EFBC}") = "Task1_2_3", "Task1_2_3\Task1_2_3.csproj", "{19FFAD16-FAB6-4810-9C5A-9987D119E84A}"
EndProject
Project("{FAE04EC0-301F-11D3-BF4B-00C04F79EFBC}") = "Task1_2_4", "Task1_2_4\Task1_2_4.csproj", "{8302B900-DBAF-4779-BC81-5B6E85C73C5E}"
EndProject
Project("{FAE04EC0-301F-11D3-BF4B-00C04F79EFBC}") = "Task1_2_5", "Task1_2_5\Task1_2_5.csproj", "{FFF7BEFB-DB4D-4C07-A712-97FF006A229C}"
EndProject
Project("{FAE04EC0-301F-11D3-BF4B-00C04F79EFBC}") = "Task1_4_1", "Task1_4_1\Task1_4_1.csproj", "{6007032A-E0F5-48A0-B6AD-9EE9B2792C0E}"
EndProject
Project("{FAE04EC0-301F-11D3-BF4B-00C04F79EFBC}") = "Task1_4_2", "Task1_4_2\Task1_4_2.csproj", "{FE8B3ED5-1E85-4741-864E-14C9E22B2CFB}"
EndProject
Project("{FAE04EC0-301F-11D3-BF4B-00C04F79EFBC}") = "Task1_4_3", "Task1_4_3\Task1_4_3.csproj", "{FEC11781-EEBB-48AC-80C4-ADE17A09E7FE}"
EndProject
Project("{FAE04EC0-301F-11D3-BF4B-00C04F79EFBC}") = "Task1_4_4", "Task1_4_4\Task1_4_4.csproj", "{36A04FDD-C25F-4C5F-911A-A26E69C78B7F}"
EndProject
Project("{FAE04EC0-301F-11D3-BF4B-00C04F79EFBC}") = "Task1_4_5", "Task1_4_5\Task1_4_5.csproj", "{BC5674A2-A22D-4AB1-9B63-9036DFFE1C63}"
EndProject
Project("{FAE04EC0-301F-11D3-BF4B-00C04F79EFBC}") = "Task1_4_6", "Task1_4_6\Task1_4_6.csproj", "{219B874A-AC71-4AE0-9605-4CC887DC5C55}"
EndProject
Project("{FAE04EC0-301F-11D3-BF4B-00C04F79EFBC}") = "Task1_4_7", "Task1_4_7\Task1_4_7.csproj", "{7EA29AE6-1B60-4126-8FDC-E4037A9F427B}"
EndProject
Global
	GlobalSection(SolutionConfigurationPlatforms) = preSolution
		Debug|Any CPU = Debug|Any CPU
		Release|Any CPU = Release|Any CPU
	EndGlobalSection
	GlobalSection(ProjectConfigurationPlatforms) = postSolution
		{7B0194DB-86CC-4A07-8CB8-A07CE6134535}.Debug|Any CPU.ActiveCfg = Debug|Any CPU
		{7B0194DB-86CC-4A07-8CB8-A07CE6134535}.Debug|Any CPU.Build.0 = Debug|Any CPU
		{7B0194DB-86CC-4A07-8CB8-A07CE6134535}.Release|Any CPU.ActiveCfg = Release|Any CPU
		{7B0194DB-86CC-4A07-8CB8-A07CE6134535}.Release|Any CPU.Build.0 = Release|Any CPU
		{541816FB-F43D-4E61-BE35-D3E4F42D35FE}.Debug|Any CPU.ActiveCfg = Debug|Any CPU
		{541816FB-F43D-4E61-BE35-D3E4F42D35FE}.Debug|Any CPU.Build.0 = Debug|Any CPU
		{541816FB-F43D-4E61-BE35-D3E4F42D35FE}.Release|Any CPU.ActiveCfg = Release|Any CPU
		{541816FB-F43D-4E61-BE35-D3E4F42D35FE}.Release|Any CPU.Build.0 = Release|Any CPU
		{19FFAD16-FAB6-4810-9C5A-9987D119E84A}.Debug|Any CPU.ActiveCfg = Debug|Any CPU
		{19FFAD16-FAB6-4810-9C5A-9987D119E84A}.Debug|Any CPU.Build.0 = Debug|Any CPU
		{19FFAD16-FAB6-4810-9C5A-9987D119E84A}.Release|Any CPU.ActiveCfg = Release|Any CPU
		{19FFAD16-FAB6-4810-9C5A-9987D119E84A}.Release|Any CPU.Build.0 = Release|Any CPU
		{8302B900-DBAF-4779-BC81-5B6E85C73C5E}.Debug|Any CPU.ActiveCfg = Debug|Any CPU
		{8302B900-DBAF-4779-BC81-5B6E85C73C5E}.Debug|Any CPU.Build.0 = Debug|Any CPU
		{8302B900-DBAF-4779-BC81-5B6E85C73C5E}.Release|Any CPU.ActiveCfg = Release|Any CPU
		{8302B900-DBAF-4779-BC81-5B6E85C73C5E}.Release|Any CPU.Build.0 = Release|Any CPU
		{FFF7BEFB-DB4D-4C07-A712-97FF006A229C}.Debug|Any CPU.ActiveCfg = Debug|Any CPU
		{FFF7BEFB-DB4D-4C07-A712-97FF006A229C}.Debug|Any CPU.Build.0 = Debug|Any CPU
		{FFF7BEFB-DB4D-4C07-A712-97FF006A229C}.Release|Any CPU.ActiveCfg = Release|Any CPU
		{FFF7BEFB-DB4D-4C07-A712-97FF006A229C}.Release|Any CPU.Build.0 = Release|Any CPU
		{6007032A-E0F5-48A0-B6AD-9EE9B2792C0E}.Debug|Any CPU.ActiveCfg = Debug|Any CPU
		{6007032A-E0F5-48A0-B6AD-9EE9B2792C0E}.Debug|Any CPU.Build.0 = Debug|Any CPU
		{6007032A-E0F5-48A0-B6AD-9EE9B2792C0E}.Release|Any CPU.ActiveCfg = Release|Any CPU
		{6007032A-E0F5-48A0-B6AD-9EE9B2792C0E}.Release|Any CPU.Build.0 = Release|Any CPU
		{FE8B3ED5-1E85-4741-864E-14C9E22B2CFB}.Debug|Any CPU.ActiveCfg = Debug|Any CPU
		{FE8B3ED5-1E85-4741-864E-14C9E22B2CFB}.Debug|Any CPU.Build.0 = Debug|Any CPU
		{FE8B3ED5-1E85-4741-864E-14C9E22B2CFB}.Release|Any CPU.ActiveCfg = Release|Any CPU
		{FE8B3ED5-1E85-4741-864E-14C9E22B2CFB}.Release|Any CPU.Build.0 = Release|Any CPU
		{FEC11781-EEBB-48AC-80C4-ADE17A09E7FE}.Debug|Any CPU.ActiveCfg = Debug|Any CPU
		{FEC11781-EEBB-48AC-80C4-ADE17A09E7FE}.Debug|Any CPU.Build.0 = Debug|Any CPU
		{FEC11781-EEBB-48AC-80C4-ADE17A09E7FE}.Release|Any CPU.ActiveCfg = Release|Any CPU
		{FEC11781-EEBB-48AC-80C4-ADE17A09E7FE}.Release|Any CPU.Build.0 = Release|Any CPU
		{36A04FDD-C25F-4C5F-911A-A26E69C78B7F}.Debug|Any CPU.ActiveCfg = Debug|Any CPU
		{36A04FDD-C25F-4C5F-911A-A26E69C78B7F}.Debug|Any CPU.Build.0 = Debug|Any CPU
		{36A04FDD-C25F-4C5F-911A-A26E69C78B7F}.Release|Any CPU.ActiveCfg = Release|Any CPU
		{36A04FDD-C25F-4C5F-911A-A26E69C78B7F}.Release|Any CPU.Build.0 = Release|Any CPU
		{BC5674A2-A22D-4AB1-9B63-9036DFFE1C63}.Debug|Any CPU.ActiveCfg = Debug|Any CPU
		{BC5674A2-A22D-4AB1-9B63-9036DFFE1C63}.Debug|Any CPU.Build.0 = Debug|Any CPU
		{BC5674A2-A22D-4AB1-9B63-9036DFFE1C63}.Release|Any CPU.ActiveCfg = Release|Any CPU
		{BC5674A2-A22D-4AB1-9B63-9036DFFE1C63}.Release|Any CPU.Build.0 = Release|Any CPU
		{219B874A-AC71-4AE0-9605-4CC887DC5C55}.Debug|Any CPU.ActiveCfg = Debug|Any CPU
		{219B874A-AC71-4AE0-9605-4CC887DC5C55}.Debug|Any CPU.Build.0 = Debug|Any CPU
		{219B874A-AC71-4AE0-9605-4CC887DC5C55}.Release|Any CPU.ActiveCfg = Release|Any CPU
		{219B874A-AC71-4AE0-9605-4CC887DC5C55}.Release|Any CPU.Build.0 = Release|Any CPU
		{7EA29AE6-1B60-4126-8FDC-E4037A9F427B}.Debug|Any CPU.ActiveCfg = Debug|Any CPU
		{7EA29AE6-1B60-4126-8FDC-E4037A9F427B}.Debug|Any CPU.Build.0 = Debug|Any CPU
		{7EA29AE6-1B60-4126-8FDC-E4037A9F427B}.Release|Any CPU.ActiveCfg = Release|Any CPU
		{7EA29AE6-1B60-4126-8FDC-E4037A9F427B}.Release|Any CPU.Build.0 = Release|Any CPU
	EndGlobalSection
	GlobalSection(SolutionProperties) = preSolution
		HideSolutionNode = FALSE
	EndGlobalSection
EndGlobal
